
Microsoft Visual Studio Solution File, Format Version 12.00
# Visual Studio Version 17
VisualStudioVersion = 17.11.35312.102
MinimumVisualStudioVersion = 10.0.40219.1
Project("{9A19103F-16F7-4668-BE54-9A1E7A4F7556}") = "Dapper.SelectAll", "Dapper.SelectAll\Dapper.SelectAll.csproj", "{E409335A-AD56-4D89-BFC4-D67263106F3A}"
EndProject
Project("{9A19103F-16F7-4668-BE54-9A1E7A4F7556}") = "Dapper.Insert", "Dapper.Insert\Dapper.Insert.csproj", "{49F926C4-3339-4551-8AAB-9BC3F9567855}"
EndProject
Project("{FAE04EC0-301F-11D3-BF4B-00C04F79EFBC}") = "Dapper.Update", "Dapper.Update\Dapper.Update.csproj", "{EDC0C45B-161D-488B-993A-84EF55F76169}"
EndProject
Project("{FAE04EC0-301F-11D3-BF4B-00C04F79EFBC}") = "Dapper.Delete", "Dapper.Delete\Dapper.Delete.csproj", "{93FBDAF2-C020-449C-AEA9-6458F058497E}"
EndProject
Project("{FAE04EC0-301F-11D3-BF4B-00C04F79EFBC}") = "Dapper.SelectWithId", "Dapper.SelectWithId\Dapper.SelectWithId.csproj", "{4645E601-F5D6-4A83-AD40-52C89BFA5B11}"
EndProject
Global
	GlobalSection(SolutionConfigurationPlatforms) = preSolution
		Debug|Any CPU = Debug|Any CPU
		Release|Any CPU = Release|Any CPU
	EndGlobalSection
	GlobalSection(ProjectConfigurationPlatforms) = postSolution
		{E409335A-AD56-4D89-BFC4-D67263106F3A}.Debug|Any CPU.ActiveCfg = Debug|Any CPU
		{E409335A-AD56-4D89-BFC4-D67263106F3A}.Debug|Any CPU.Build.0 = Debug|Any CPU
		{E409335A-AD56-4D89-BFC4-D67263106F3A}.Release|Any CPU.ActiveCfg = Release|Any CPU
		{E409335A-AD56-4D89-BFC4-D67263106F3A}.Release|Any CPU.Build.0 = Release|Any CPU
		{49F926C4-3339-4551-8AAB-9BC3F9567855}.Debug|Any CPU.ActiveCfg = Debug|Any CPU
		{49F926C4-3339-4551-8AAB-9BC3F9567855}.Debug|Any CPU.Build.0 = Debug|Any CPU
		{49F926C4-3339-4551-8AAB-9BC3F9567855}.Release|Any CPU.ActiveCfg = Release|Any CPU
		{49F926C4-3339-4551-8AAB-9BC3F9567855}.Release|Any CPU.Build.0 = Release|Any CPU
		{EDC0C45B-161D-488B-993A-84EF55F76169}.Debug|Any CPU.ActiveCfg = Debug|Any CPU
		{EDC0C45B-161D-488B-993A-84EF55F76169}.Debug|Any CPU.Build.0 = Debug|Any CPU
		{EDC0C45B-161D-488B-993A-84EF55F76169}.Release|Any CPU.ActiveCfg = Release|Any CPU
		{EDC0C45B-161D-488B-993A-84EF55F76169}.Release|Any CPU.Build.0 = Release|Any CPU
		{93FBDAF2-C020-449C-AEA9-6458F058497E}.Debug|Any CPU.ActiveCfg = Debug|Any CPU
		{93FBDAF2-C020-449C-AEA9-6458F058497E}.Debug|Any CPU.Build.0 = Debug|Any CPU
		{93FBDAF2-C020-449C-AEA9-6458F058497E}.Release|Any CPU.ActiveCfg = Release|Any CPU
		{93FBDAF2-C020-449C-AEA9-6458F058497E}.Release|Any CPU.Build.0 = Release|Any CPU
		{4645E601-F5D6-4A83-AD40-52C89BFA5B11}.Debug|Any CPU.ActiveCfg = Debug|Any CPU
		{4645E601-F5D6-4A83-AD40-52C89BFA5B11}.Debug|Any CPU.Build.0 = Debug|Any CPU
		{4645E601-F5D6-4A83-AD40-52C89BFA5B11}.Release|Any CPU.ActiveCfg = Release|Any CPU
		{4645E601-F5D6-4A83-AD40-52C89BFA5B11}.Release|Any CPU.Build.0 = Release|Any CPU
	EndGlobalSection
	GlobalSection(SolutionProperties) = preSolution
		HideSolutionNode = FALSE
	EndGlobalSection
	GlobalSection(ExtensibilityGlobals) = postSolution
		SolutionGuid = {B99F6B5C-7D0C-4D79-BE3B-81C487C7412A}
	EndGlobalSection
EndGlobal
